{
  "name": "functions",
  "requires": true,
  "lockfileVersion": 1,
  "dependencies": {
    "client-id": {
      "version": "0.0.1",
      "resolved": "https://registry.npmjs.org/client-id/-/client-id-0.0.1.tgz",
      "integrity": "sha512-+fYgBpPuHBXKcFeylDFoBBX1BjSu+lk9lpT7BoJkZcA+w1gjAVAg77RCr64BczR4rne+giebyxtEiP1hK/ZkJQ=="
    }
  }
}
